
Microsoft Visual Studio Solution File, Format Version 12.00
# Visual Studio Version 16
VisualStudioVersion = 16.0.30517.126
MinimumVisualStudioVersion = 10.0.40219.1
Project("{9A19103F-16F7-4668-BE54-9A1E7A4F7556}") = "Freightware.WebApi", "src\Freightware.WebApi\Freightware.WebApi.csproj", "{C1D8121D-AE39-46EE-B6EC-AF843AF90F56}"
EndProject
Project("{2150E333-8FDC-42A3-9474-1A3956D46DE8}") = "src", "src", "{CFFF8287-5439-4D76-87C7-1406D65E79E8}"
EndProject
Project("{2150E333-8FDC-42A3-9474-1A3956D46DE8}") = "tests", "tests", "{6A8B167D-3923-498E-A7E8-1CB0330F5B3E}"
EndProject
Project("{FAE04EC0-301F-11D3-BF4B-00C04F79EFBC}") = "Freightware.Repository.Tests", "tests\Freightware.Repository.Tests\Freightware.Repository.Tests.csproj", "{4131AAB9-7925-4A79-A398-CDCD2568FA33}"
EndProject
Global
	GlobalSection(SolutionConfigurationPlatforms) = preSolution
		Debug|Any CPU = Debug|Any CPU
		Release|Any CPU = Release|Any CPU
	EndGlobalSection
	GlobalSection(ProjectConfigurationPlatforms) = postSolution
		{C1D8121D-AE39-46EE-B6EC-AF843AF90F56}.Debug|Any CPU.ActiveCfg = Debug|Any CPU
		{C1D8121D-AE39-46EE-B6EC-AF843AF90F56}.Debug|Any CPU.Build.0 = Debug|Any CPU
		{C1D8121D-AE39-46EE-B6EC-AF843AF90F56}.Release|Any CPU.ActiveCfg = Release|Any CPU
		{C1D8121D-AE39-46EE-B6EC-AF843AF90F56}.Release|Any CPU.Build.0 = Release|Any CPU
		{4131AAB9-7925-4A79-A398-CDCD2568FA33}.Debug|Any CPU.ActiveCfg = Debug|Any CPU
		{4131AAB9-7925-4A79-A398-CDCD2568FA33}.Debug|Any CPU.Build.0 = Debug|Any CPU
		{4131AAB9-7925-4A79-A398-CDCD2568FA33}.Release|Any CPU.ActiveCfg = Release|Any CPU
		{4131AAB9-7925-4A79-A398-CDCD2568FA33}.Release|Any CPU.Build.0 = Release|Any CPU
	EndGlobalSection
	GlobalSection(SolutionProperties) = preSolution
		HideSolutionNode = FALSE
	EndGlobalSection
	GlobalSection(NestedProjects) = preSolution
		{C1D8121D-AE39-46EE-B6EC-AF843AF90F56} = {CFFF8287-5439-4D76-87C7-1406D65E79E8}
		{4131AAB9-7925-4A79-A398-CDCD2568FA33} = {6A8B167D-3923-498E-A7E8-1CB0330F5B3E}
	EndGlobalSection
	GlobalSection(ExtensibilityGlobals) = postSolution
		SolutionGuid = {01EE97D0-3BC4-4A20-A0C7-1D0982D57470}
	EndGlobalSection
EndGlobal
